
Microsoft Visual Studio Solution File, Format Version 12.00
# Visual Studio 14
VisualStudioVersion = 14.0.25420.1
MinimumVisualStudioVersion = 10.0.40219.1
Project("{8BC9CEB8-8B4A-11D0-8D11-00A0C91BC942}") = "AlphaQtUtilTemp", "src\AlphaQtUtilTemp\AlphaQtUtil.vcxproj", "{2C331B72-5DFB-48EF-8663-6823D56DBA25}"
EndProject
Project("{8BC9CEB8-8B4A-11D0-8D11-00A0C91BC942}") = "DatabaseDemoTemp", "src\DatabaseDemoTemp\DatabaseDemoTemp.vcxproj", "{8EA5379F-3291-41D7-968E-327D5343553D}"
EndProject
Project("{8BC9CEB8-8B4A-11D0-8D11-00A0C91BC942}") = "ChartDemoTemp", "src\ChartDemoTemp\ChartDemoTemp.vcxproj", "{66D1DAA2-BAAB-462C-8B52-BF481D05D47F}"
EndProject
Project("{8BC9CEB8-8B4A-11D0-8D11-00A0C91BC942}") = "ImageScaleDemoTemp", "src\ImageScaleDemoTemp\UI.vcxproj", "{B12702AD-ABFB-343A-A199-8E24837244A3}"
EndProject
Project("{8BC9CEB8-8B4A-11D0-8D11-00A0C91BC942}") = "JsonDemoTemp", "src\JsonDemoTemp\JsonDemo.vcxproj", "{BEF6EF28-951A-41B9-B390-E31CD96F0322}"
EndProject
Project("{8BC9CEB8-8B4A-11D0-8D11-00A0C91BC942}") = "PointerDemoTemp", "src\PointerDemoTemp\PointerDemoTemp.vcxproj", "{9826C3B2-B87A-4D9E-9CB8-7692732CDF57}"
EndProject
Project("{8BC9CEB8-8B4A-11D0-8D11-00A0C91BC942}") = "ThreadDemoTemp", "src\ThreadDemoTemp\ThreadDemoTemp.vcxproj", "{FAED3A86-4F43-4BC7-8DB1-371508D8D35A}"
EndProject
Global
	GlobalSection(SolutionConfigurationPlatforms) = preSolution
		Debug|x64 = Debug|x64
		Release|x64 = Release|x64
	EndGlobalSection
	GlobalSection(ProjectConfigurationPlatforms) = postSolution
		{2C331B72-5DFB-48EF-8663-6823D56DBA25}.Debug|x64.ActiveCfg = Debug|x64
		{2C331B72-5DFB-48EF-8663-6823D56DBA25}.Debug|x64.Build.0 = Debug|x64
		{2C331B72-5DFB-48EF-8663-6823D56DBA25}.Release|x64.ActiveCfg = Release|x64
		{2C331B72-5DFB-48EF-8663-6823D56DBA25}.Release|x64.Build.0 = Release|x64
		{8EA5379F-3291-41D7-968E-327D5343553D}.Debug|x64.ActiveCfg = Debug|x64
		{8EA5379F-3291-41D7-968E-327D5343553D}.Debug|x64.Build.0 = Debug|x64
		{8EA5379F-3291-41D7-968E-327D5343553D}.Release|x64.ActiveCfg = Release|x64
		{8EA5379F-3291-41D7-968E-327D5343553D}.Release|x64.Build.0 = Release|x64
		{66D1DAA2-BAAB-462C-8B52-BF481D05D47F}.Debug|x64.ActiveCfg = Debug|x64
		{66D1DAA2-BAAB-462C-8B52-BF481D05D47F}.Debug|x64.Build.0 = Debug|x64
		{66D1DAA2-BAAB-462C-8B52-BF481D05D47F}.Release|x64.ActiveCfg = Release|x64
		{66D1DAA2-BAAB-462C-8B52-BF481D05D47F}.Release|x64.Build.0 = Release|x64
		{B12702AD-ABFB-343A-A199-8E24837244A3}.Debug|x64.ActiveCfg = Debug|x64
		{B12702AD-ABFB-343A-A199-8E24837244A3}.Debug|x64.Build.0 = Debug|x64
		{B12702AD-ABFB-343A-A199-8E24837244A3}.Release|x64.ActiveCfg = Release|x64
		{B12702AD-ABFB-343A-A199-8E24837244A3}.Release|x64.Build.0 = Release|x64
		{BEF6EF28-951A-41B9-B390-E31CD96F0322}.Debug|x64.ActiveCfg = Debug|x64
		{BEF6EF28-951A-41B9-B390-E31CD96F0322}.Debug|x64.Build.0 = Debug|x64
		{BEF6EF28-951A-41B9-B390-E31CD96F0322}.Release|x64.ActiveCfg = Release|x64
		{BEF6EF28-951A-41B9-B390-E31CD96F0322}.Release|x64.Build.0 = Release|x64
		{9826C3B2-B87A-4D9E-9CB8-7692732CDF57}.Debug|x64.ActiveCfg = Debug|x64
		{9826C3B2-B87A-4D9E-9CB8-7692732CDF57}.Debug|x64.Build.0 = Debug|x64
		{9826C3B2-B87A-4D9E-9CB8-7692732CDF57}.Release|x64.ActiveCfg = Release|x64
		{9826C3B2-B87A-4D9E-9CB8-7692732CDF57}.Release|x64.Build.0 = Release|x64
		{FAED3A86-4F43-4BC7-8DB1-371508D8D35A}.Debug|x64.ActiveCfg = Debug|x64
		{FAED3A86-4F43-4BC7-8DB1-371508D8D35A}.Debug|x64.Build.0 = Debug|x64
		{FAED3A86-4F43-4BC7-8DB1-371508D8D35A}.Release|x64.ActiveCfg = Release|x64
		{FAED3A86-4F43-4BC7-8DB1-371508D8D35A}.Release|x64.Build.0 = Release|x64
	EndGlobalSection
	GlobalSection(SolutionProperties) = preSolution
		HideSolutionNode = FALSE
	EndGlobalSection
EndGlobal
