
Microsoft Visual Studio Solution File, Format Version 12.00
# Visual Studio 14
VisualStudioVersion = 14.0.25420.1
MinimumVisualStudioVersion = 10.0.40219.1
Project("{8BC9CEB8-8B4A-11D0-8D11-00A0C91BC942}") = "AlphaQtUtilTemp", "src\AlphaQtUtilTemp\AlphaQtUtil.vcxproj", "{2C331B72-5DFB-48EF-8663-6823D56DBA25}"
EndProject
Project("{8BC9CEB8-8B4A-11D0-8D11-00A0C91BC942}") = "DatabaseDemoTemp", "src\DatabaseDemoTemp\DatabaseDemoTemp.vcxproj", "{8EA5379F-3291-41D7-968E-327D5343553D}"
EndProject
Project("{8BC9CEB8-8B4A-11D0-8D11-00A0C91BC942}") = "ChartDemoTemp", "src\ChartDemoTemp\ChartDemoTemp.vcxproj", "{66D1DAA2-BAAB-462C-8B52-BF481D05D47F}"
EndProject
Project("{8BC9CEB8-8B4A-11D0-8D11-00A0C91BC942}") = "ImageScaleDemoTemp", "src\ImageScaleDemoTemp\UI.vcxproj", "{B12702AD-ABFB-343A-A199-8E24837244A3}"
EndProject
Project("{8BC9CEB8-8B4A-11D0-8D11-00A0C91BC942}") = "JsonDemoTemp", "src\JsonDemoTemp\JsonDemo.vcxproj", "{BEF6EF28-951A-41B9-B390-E31CD96F0322}"
	ProjectSection(ProjectDependencies) = postProject
		{2C331B72-5DFB-48EF-8663-6823D56DBA25} = {2C331B72-5DFB-48EF-8663-6823D56DBA25}
	EndProjectSection
EndProject
Project("{8BC9CEB8-8B4A-11D0-8D11-00A0C91BC942}") = "PointerDemoTemp", "src\PointerDemoTemp\PointerDemoTemp.vcxproj", "{9826C3B2-B87A-4D9E-9CB8-7692732CDF57}"
EndProject
Project("{8BC9CEB8-8B4A-11D0-8D11-00A0C91BC942}") = "ThreadDemoTemp", "src\ThreadDemoTemp\ThreadDemoTemp.vcxproj", "{FAED3A86-4F43-4BC7-8DB1-371508D8D35A}"
EndProject
Project("{8BC9CEB8-8B4A-11D0-8D11-00A0C91BC942}") = "QtDemo01", "src\QtDemo01\QtDemo01.vcxproj", "{830FA0F1-4056-30CB-B460-E7EE7723F37D}"
EndProject
Project("{8BC9CEB8-8B4A-11D0-8D11-00A0C91BC942}") = "QtDemo02", "src\QtDemo02\QtDemo02.vcxproj", "{411567B9-BD33-32F2-AB2A-27DBC86F228A}"
EndProject
Project("{8BC9CEB8-8B4A-11D0-8D11-00A0C91BC942}") = "QtDemo03", "src\QtDemo03\QtDemo03.vcxproj", "{4AD2179F-389A-396C-B8A6-E3226AEE26F2}"
EndProject
Project("{8BC9CEB8-8B4A-11D0-8D11-00A0C91BC942}") = "QtDemo04", "src\QtDemo04\QtDemo04.vcxproj", "{B83AC946-9630-32AE-BBAE-D885CFBDDD51}"
EndProject
Project("{8BC9CEB8-8B4A-11D0-8D11-00A0C91BC942}") = "QtDemo05", "src\QtDemo05\QtDemo05.vcxproj", "{51D493DC-C53A-3E3F-8530-B97F229A202C}"
EndProject
Project("{8BC9CEB8-8B4A-11D0-8D11-00A0C91BC942}") = "QtDemo06", "src\QtDemo06\QtDemo06.vcxproj", "{2FBD6932-3520-3D08-A127-0D745BC6E401}"
EndProject
Project("{8BC9CEB8-8B4A-11D0-8D11-00A0C91BC942}") = "QtDemo07", "src\QtDemo07\QtDemo07.vcxproj", "{B11D9A0B-E6C7-3BF3-B133-55C652F6AF2F}"
EndProject
Project("{8BC9CEB8-8B4A-11D0-8D11-00A0C91BC942}") = "QtDemo08", "src\QtDemo08\QtDemo08.vcxproj", "{BFB65A7F-62D6-375B-9CBD-1A24F615F6C7}"
EndProject
Project("{8BC9CEB8-8B4A-11D0-8D11-00A0C91BC942}") = "QtDemo09", "src\QtDemo09\QtDemo09.vcxproj", "{44EABA08-29D2-3776-94DA-3D94A2A53D66}"
EndProject
Project("{8BC9CEB8-8B4A-11D0-8D11-00A0C91BC942}") = "QtDemo10", "src\QtDemo10\QtDemo10.vcxproj", "{0DD7A01E-AC72-3544-8A45-425A7EC593A5}"
EndProject
Project("{8BC9CEB8-8B4A-11D0-8D11-00A0C91BC942}") = "QtDemo11", "src\QtDemo11\QtDemo11.vcxproj", "{02E233D1-3EE9-384E-8BAE-92F89114FC0E}"
EndProject
Project("{8BC9CEB8-8B4A-11D0-8D11-00A0C91BC942}") = "QtDemo12", "src\QtDemo12\QtDemo12.vcxproj", "{571A3801-20BF-3518-B69C-DC3A9EE6BBB9}"
EndProject
Project("{8BC9CEB8-8B4A-11D0-8D11-00A0C91BC942}") = "LambdaDemoTemp", "src\LambdaDemoTemp\LambdaDemoTemp.vcxproj", "{5A78358F-F8BC-4EFD-A451-27B529C90F74}"
EndProject
Project("{8BC9CEB8-8B4A-11D0-8D11-00A0C91BC942}") = "MetaObjectDemoTemp", "src\MetaObjectDemoTemp\MetaObjectDemoTemp.vcxproj", "{41AD157B-F7B1-47C4-8538-DE52B6CB2733}"
EndProject
Project("{8BC9CEB8-8B4A-11D0-8D11-00A0C91BC942}") = "SlotAndSignalDemoTemp", "src\SlotAndSignalDemoTemp\SlotAndSignalDemoTemp.vcxproj", "{00DDE72A-89ED-484D-9F57-0FA2674A0060}"
EndProject
Project("{8BC9CEB8-8B4A-11D0-8D11-00A0C91BC942}") = "MvvmDemoTemp", "src\MvvmDemoTemp\MvvmDemoTemp.vcxproj", "{3FC92692-9B6B-40DD-90BF-8CDD939C0789}"
EndProject
Project("{8BC9CEB8-8B4A-11D0-8D11-00A0C91BC942}") = "IniDemoTemp", "src\IniDemoTemp\IniDemoTemp.vcxproj", "{A5DE657A-05C1-49A8-880C-F5CF3699740E}"
EndProject
Project("{8BC9CEB8-8B4A-11D0-8D11-00A0C91BC942}") = "CsvDemo", "src\CsvDataSort\CsvDataSort.vcxproj", "{07F7B17C-E134-4CBE-9DF5-EC74B4D324A1}"
EndProject
Project("{8BC9CEB8-8B4A-11D0-8D11-00A0C91BC942}") = "JaiCameraDemo", "src\JaiCameraDemo\JaiCameraDemo.vcxproj", "{93EA5E61-96B9-4899-A539-7409AD3504A8}"
EndProject
Project("{8BC9CEB8-8B4A-11D0-8D11-00A0C91BC942}") = "LoadDll", "src\LoadDll\LoadDll.vcxproj", "{73DCE3E1-E455-483B-BE2B-5FE0D9FEEC93}"
EndProject
Project("{8BC9CEB8-8B4A-11D0-8D11-00A0C91BC942}") = "GraphicsViewDemo", "src\GraphicsViewDemo\GraphicsViewDemo.vcxproj", "{D581C6D2-5B2E-40A9-928C-BA7517F46E81}"
EndProject
Project("{8BC9CEB8-8B4A-11D0-8D11-00A0C91BC942}") = "TestQjson", "src\TestQjson\TestQjson.vcxproj", "{A47F1EAE-E54D-4C38-B31B-226BA7190F8C}"
EndProject
Project("{8BC9CEB8-8B4A-11D0-8D11-00A0C91BC942}") = "zMainwindow Demo", "src\zMainWindowDemo\Mainwindow Demo.vcxproj", "{6E40B463-1A87-3EED-8C59-0017470A954B}"
EndProject
Project("{8BC9CEB8-8B4A-11D0-8D11-00A0C91BC942}") = "zNetAssistant", "src\zNetAssistant\NetAssistant.vcxproj", "{499AF14A-9AB0-35A7-9599-C8C2BE8CDCE0}"
EndProject
Project("{8BC9CEB8-8B4A-11D0-8D11-00A0C91BC942}") = "zCustomWindow", "src\zQtCustomWindow\CustomWindow.vcxproj", "{024222A1-5B72-3610-91E2-B4BEED448486}"
EndProject
Project("{8BC9CEB8-8B4A-11D0-8D11-00A0C91BC942}") = "TestStyleDemo", "src\TestStyleDemo\TestStyleDemo.vcxproj", "{EF854CC8-F05E-4FD4-B243-E98335D0DF2D}"
EndProject
Project("{8BC9CEB8-8B4A-11D0-8D11-00A0C91BC942}") = "SwitchControl", "src\SwitchControl\SwitchControl.vcxproj", "{E6150EDB-A6E9-49F3-B5DD-F8735B16A482}"
EndProject
Project("{8BC9CEB8-8B4A-11D0-8D11-00A0C91BC942}") = "UI_ShrinkDemo", "src\UI_ShrinkDemo\UI_ShrinkDemo.vcxproj", "{BBC676C0-AB4A-42DA-85D8-C22E004831FF}"
EndProject
Project("{8BC9CEB8-8B4A-11D0-8D11-00A0C91BC942}") = "UI_Shadow", "src\UI_Shadow\UI_Shadow.vcxproj", "{377BF357-DD3E-4B99-98DF-A2CE73DD221F}"
EndProject
Global
	GlobalSection(SolutionConfigurationPlatforms) = preSolution
		Debug|x64 = Debug|x64
		Release|x64 = Release|x64
	EndGlobalSection
	GlobalSection(ProjectConfigurationPlatforms) = postSolution
		{2C331B72-5DFB-48EF-8663-6823D56DBA25}.Debug|x64.ActiveCfg = Debug|x64
		{2C331B72-5DFB-48EF-8663-6823D56DBA25}.Debug|x64.Build.0 = Debug|x64
		{2C331B72-5DFB-48EF-8663-6823D56DBA25}.Release|x64.ActiveCfg = Release|x64
		{2C331B72-5DFB-48EF-8663-6823D56DBA25}.Release|x64.Build.0 = Release|x64
		{8EA5379F-3291-41D7-968E-327D5343553D}.Debug|x64.ActiveCfg = Debug|x64
		{8EA5379F-3291-41D7-968E-327D5343553D}.Debug|x64.Build.0 = Debug|x64
		{8EA5379F-3291-41D7-968E-327D5343553D}.Release|x64.ActiveCfg = Release|x64
		{8EA5379F-3291-41D7-968E-327D5343553D}.Release|x64.Build.0 = Release|x64
		{66D1DAA2-BAAB-462C-8B52-BF481D05D47F}.Debug|x64.ActiveCfg = Debug|x64
		{66D1DAA2-BAAB-462C-8B52-BF481D05D47F}.Debug|x64.Build.0 = Debug|x64
		{66D1DAA2-BAAB-462C-8B52-BF481D05D47F}.Release|x64.ActiveCfg = Release|x64
		{66D1DAA2-BAAB-462C-8B52-BF481D05D47F}.Release|x64.Build.0 = Release|x64
		{B12702AD-ABFB-343A-A199-8E24837244A3}.Debug|x64.ActiveCfg = Debug|x64
		{B12702AD-ABFB-343A-A199-8E24837244A3}.Debug|x64.Build.0 = Debug|x64
		{B12702AD-ABFB-343A-A199-8E24837244A3}.Release|x64.ActiveCfg = Release|x64
		{B12702AD-ABFB-343A-A199-8E24837244A3}.Release|x64.Build.0 = Release|x64
		{BEF6EF28-951A-41B9-B390-E31CD96F0322}.Debug|x64.ActiveCfg = Debug|x64
		{BEF6EF28-951A-41B9-B390-E31CD96F0322}.Debug|x64.Build.0 = Debug|x64
		{BEF6EF28-951A-41B9-B390-E31CD96F0322}.Release|x64.ActiveCfg = Release|x64
		{BEF6EF28-951A-41B9-B390-E31CD96F0322}.Release|x64.Build.0 = Release|x64
		{9826C3B2-B87A-4D9E-9CB8-7692732CDF57}.Debug|x64.ActiveCfg = Debug|x64
		{9826C3B2-B87A-4D9E-9CB8-7692732CDF57}.Debug|x64.Build.0 = Debug|x64
		{9826C3B2-B87A-4D9E-9CB8-7692732CDF57}.Release|x64.ActiveCfg = Release|x64
		{9826C3B2-B87A-4D9E-9CB8-7692732CDF57}.Release|x64.Build.0 = Release|x64
		{FAED3A86-4F43-4BC7-8DB1-371508D8D35A}.Debug|x64.ActiveCfg = Debug|x64
		{FAED3A86-4F43-4BC7-8DB1-371508D8D35A}.Debug|x64.Build.0 = Debug|x64
		{FAED3A86-4F43-4BC7-8DB1-371508D8D35A}.Release|x64.ActiveCfg = Release|x64
		{FAED3A86-4F43-4BC7-8DB1-371508D8D35A}.Release|x64.Build.0 = Release|x64
		{830FA0F1-4056-30CB-B460-E7EE7723F37D}.Debug|x64.ActiveCfg = Debug|x64
		{830FA0F1-4056-30CB-B460-E7EE7723F37D}.Debug|x64.Build.0 = Debug|x64
		{830FA0F1-4056-30CB-B460-E7EE7723F37D}.Release|x64.ActiveCfg = Release|x64
		{830FA0F1-4056-30CB-B460-E7EE7723F37D}.Release|x64.Build.0 = Release|x64
		{411567B9-BD33-32F2-AB2A-27DBC86F228A}.Debug|x64.ActiveCfg = Debug|x64
		{411567B9-BD33-32F2-AB2A-27DBC86F228A}.Debug|x64.Build.0 = Debug|x64
		{411567B9-BD33-32F2-AB2A-27DBC86F228A}.Release|x64.ActiveCfg = Release|x64
		{411567B9-BD33-32F2-AB2A-27DBC86F228A}.Release|x64.Build.0 = Release|x64
		{4AD2179F-389A-396C-B8A6-E3226AEE26F2}.Debug|x64.ActiveCfg = Debug|x64
		{4AD2179F-389A-396C-B8A6-E3226AEE26F2}.Debug|x64.Build.0 = Debug|x64
		{4AD2179F-389A-396C-B8A6-E3226AEE26F2}.Release|x64.ActiveCfg = Release|x64
		{4AD2179F-389A-396C-B8A6-E3226AEE26F2}.Release|x64.Build.0 = Release|x64
		{B83AC946-9630-32AE-BBAE-D885CFBDDD51}.Debug|x64.ActiveCfg = Debug|x64
		{B83AC946-9630-32AE-BBAE-D885CFBDDD51}.Debug|x64.Build.0 = Debug|x64
		{B83AC946-9630-32AE-BBAE-D885CFBDDD51}.Release|x64.ActiveCfg = Release|x64
		{B83AC946-9630-32AE-BBAE-D885CFBDDD51}.Release|x64.Build.0 = Release|x64
		{51D493DC-C53A-3E3F-8530-B97F229A202C}.Debug|x64.ActiveCfg = Debug|x64
		{51D493DC-C53A-3E3F-8530-B97F229A202C}.Debug|x64.Build.0 = Debug|x64
		{51D493DC-C53A-3E3F-8530-B97F229A202C}.Release|x64.ActiveCfg = Release|x64
		{51D493DC-C53A-3E3F-8530-B97F229A202C}.Release|x64.Build.0 = Release|x64
		{2FBD6932-3520-3D08-A127-0D745BC6E401}.Debug|x64.ActiveCfg = Debug|x64
		{2FBD6932-3520-3D08-A127-0D745BC6E401}.Debug|x64.Build.0 = Debug|x64
		{2FBD6932-3520-3D08-A127-0D745BC6E401}.Release|x64.ActiveCfg = Release|x64
		{2FBD6932-3520-3D08-A127-0D745BC6E401}.Release|x64.Build.0 = Release|x64
		{B11D9A0B-E6C7-3BF3-B133-55C652F6AF2F}.Debug|x64.ActiveCfg = Debug|x64
		{B11D9A0B-E6C7-3BF3-B133-55C652F6AF2F}.Debug|x64.Build.0 = Debug|x64
		{B11D9A0B-E6C7-3BF3-B133-55C652F6AF2F}.Release|x64.ActiveCfg = Release|x64
		{B11D9A0B-E6C7-3BF3-B133-55C652F6AF2F}.Release|x64.Build.0 = Release|x64
		{BFB65A7F-62D6-375B-9CBD-1A24F615F6C7}.Debug|x64.ActiveCfg = Debug|x64
		{BFB65A7F-62D6-375B-9CBD-1A24F615F6C7}.Debug|x64.Build.0 = Debug|x64
		{BFB65A7F-62D6-375B-9CBD-1A24F615F6C7}.Release|x64.ActiveCfg = Release|x64
		{BFB65A7F-62D6-375B-9CBD-1A24F615F6C7}.Release|x64.Build.0 = Release|x64
		{44EABA08-29D2-3776-94DA-3D94A2A53D66}.Debug|x64.ActiveCfg = Debug|x64
		{44EABA08-29D2-3776-94DA-3D94A2A53D66}.Debug|x64.Build.0 = Debug|x64
		{44EABA08-29D2-3776-94DA-3D94A2A53D66}.Release|x64.ActiveCfg = Release|x64
		{44EABA08-29D2-3776-94DA-3D94A2A53D66}.Release|x64.Build.0 = Release|x64
		{0DD7A01E-AC72-3544-8A45-425A7EC593A5}.Debug|x64.ActiveCfg = Debug|x64
		{0DD7A01E-AC72-3544-8A45-425A7EC593A5}.Debug|x64.Build.0 = Debug|x64
		{0DD7A01E-AC72-3544-8A45-425A7EC593A5}.Release|x64.ActiveCfg = Release|x64
		{0DD7A01E-AC72-3544-8A45-425A7EC593A5}.Release|x64.Build.0 = Release|x64
		{02E233D1-3EE9-384E-8BAE-92F89114FC0E}.Debug|x64.ActiveCfg = Debug|x64
		{02E233D1-3EE9-384E-8BAE-92F89114FC0E}.Debug|x64.Build.0 = Debug|x64
		{02E233D1-3EE9-384E-8BAE-92F89114FC0E}.Release|x64.ActiveCfg = Release|x64
		{02E233D1-3EE9-384E-8BAE-92F89114FC0E}.Release|x64.Build.0 = Release|x64
		{571A3801-20BF-3518-B69C-DC3A9EE6BBB9}.Debug|x64.ActiveCfg = Debug|x64
		{571A3801-20BF-3518-B69C-DC3A9EE6BBB9}.Debug|x64.Build.0 = Debug|x64
		{571A3801-20BF-3518-B69C-DC3A9EE6BBB9}.Release|x64.ActiveCfg = Release|x64
		{571A3801-20BF-3518-B69C-DC3A9EE6BBB9}.Release|x64.Build.0 = Release|x64
		{5A78358F-F8BC-4EFD-A451-27B529C90F74}.Debug|x64.ActiveCfg = Debug|x64
		{5A78358F-F8BC-4EFD-A451-27B529C90F74}.Debug|x64.Build.0 = Debug|x64
		{5A78358F-F8BC-4EFD-A451-27B529C90F74}.Release|x64.ActiveCfg = Release|x64
		{5A78358F-F8BC-4EFD-A451-27B529C90F74}.Release|x64.Build.0 = Release|x64
		{41AD157B-F7B1-47C4-8538-DE52B6CB2733}.Debug|x64.ActiveCfg = Debug|x64
		{41AD157B-F7B1-47C4-8538-DE52B6CB2733}.Debug|x64.Build.0 = Debug|x64
		{41AD157B-F7B1-47C4-8538-DE52B6CB2733}.Release|x64.ActiveCfg = Release|x64
		{41AD157B-F7B1-47C4-8538-DE52B6CB2733}.Release|x64.Build.0 = Release|x64
		{00DDE72A-89ED-484D-9F57-0FA2674A0060}.Debug|x64.ActiveCfg = Debug|x64
		{00DDE72A-89ED-484D-9F57-0FA2674A0060}.Debug|x64.Build.0 = Debug|x64
		{00DDE72A-89ED-484D-9F57-0FA2674A0060}.Release|x64.ActiveCfg = Release|x64
		{00DDE72A-89ED-484D-9F57-0FA2674A0060}.Release|x64.Build.0 = Release|x64
		{3FC92692-9B6B-40DD-90BF-8CDD939C0789}.Debug|x64.ActiveCfg = Debug|x64
		{3FC92692-9B6B-40DD-90BF-8CDD939C0789}.Debug|x64.Build.0 = Debug|x64
		{3FC92692-9B6B-40DD-90BF-8CDD939C0789}.Release|x64.ActiveCfg = Release|x64
		{3FC92692-9B6B-40DD-90BF-8CDD939C0789}.Release|x64.Build.0 = Release|x64
		{A5DE657A-05C1-49A8-880C-F5CF3699740E}.Debug|x64.ActiveCfg = Debug|x64
		{A5DE657A-05C1-49A8-880C-F5CF3699740E}.Debug|x64.Build.0 = Debug|x64
		{A5DE657A-05C1-49A8-880C-F5CF3699740E}.Release|x64.ActiveCfg = Release|x64
		{A5DE657A-05C1-49A8-880C-F5CF3699740E}.Release|x64.Build.0 = Release|x64
		{07F7B17C-E134-4CBE-9DF5-EC74B4D324A1}.Debug|x64.ActiveCfg = Debug|x64
		{07F7B17C-E134-4CBE-9DF5-EC74B4D324A1}.Debug|x64.Build.0 = Debug|x64
		{07F7B17C-E134-4CBE-9DF5-EC74B4D324A1}.Release|x64.ActiveCfg = Release|x64
		{07F7B17C-E134-4CBE-9DF5-EC74B4D324A1}.Release|x64.Build.0 = Release|x64
		{93EA5E61-96B9-4899-A539-7409AD3504A8}.Debug|x64.ActiveCfg = Debug|x64
		{93EA5E61-96B9-4899-A539-7409AD3504A8}.Debug|x64.Build.0 = Debug|x64
		{93EA5E61-96B9-4899-A539-7409AD3504A8}.Release|x64.ActiveCfg = Release|x64
		{93EA5E61-96B9-4899-A539-7409AD3504A8}.Release|x64.Build.0 = Release|x64
		{73DCE3E1-E455-483B-BE2B-5FE0D9FEEC93}.Debug|x64.ActiveCfg = Debug|x64
		{73DCE3E1-E455-483B-BE2B-5FE0D9FEEC93}.Debug|x64.Build.0 = Debug|x64
		{73DCE3E1-E455-483B-BE2B-5FE0D9FEEC93}.Release|x64.ActiveCfg = Release|x64
		{73DCE3E1-E455-483B-BE2B-5FE0D9FEEC93}.Release|x64.Build.0 = Release|x64
		{D581C6D2-5B2E-40A9-928C-BA7517F46E81}.Debug|x64.ActiveCfg = Debug|x64
		{D581C6D2-5B2E-40A9-928C-BA7517F46E81}.Debug|x64.Build.0 = Debug|x64
		{D581C6D2-5B2E-40A9-928C-BA7517F46E81}.Release|x64.ActiveCfg = Release|x64
		{D581C6D2-5B2E-40A9-928C-BA7517F46E81}.Release|x64.Build.0 = Release|x64
		{A47F1EAE-E54D-4C38-B31B-226BA7190F8C}.Debug|x64.ActiveCfg = Debug|x64
		{A47F1EAE-E54D-4C38-B31B-226BA7190F8C}.Debug|x64.Build.0 = Debug|x64
		{A47F1EAE-E54D-4C38-B31B-226BA7190F8C}.Release|x64.ActiveCfg = Release|x64
		{A47F1EAE-E54D-4C38-B31B-226BA7190F8C}.Release|x64.Build.0 = Release|x64
		{6E40B463-1A87-3EED-8C59-0017470A954B}.Debug|x64.ActiveCfg = Debug|x64
		{6E40B463-1A87-3EED-8C59-0017470A954B}.Debug|x64.Build.0 = Debug|x64
		{6E40B463-1A87-3EED-8C59-0017470A954B}.Release|x64.ActiveCfg = Release|x64
		{6E40B463-1A87-3EED-8C59-0017470A954B}.Release|x64.Build.0 = Release|x64
		{499AF14A-9AB0-35A7-9599-C8C2BE8CDCE0}.Debug|x64.ActiveCfg = Debug|x64
		{499AF14A-9AB0-35A7-9599-C8C2BE8CDCE0}.Debug|x64.Build.0 = Debug|x64
		{499AF14A-9AB0-35A7-9599-C8C2BE8CDCE0}.Release|x64.ActiveCfg = Release|x64
		{499AF14A-9AB0-35A7-9599-C8C2BE8CDCE0}.Release|x64.Build.0 = Release|x64
		{024222A1-5B72-3610-91E2-B4BEED448486}.Debug|x64.ActiveCfg = Debug|x64
		{024222A1-5B72-3610-91E2-B4BEED448486}.Debug|x64.Build.0 = Debug|x64
		{024222A1-5B72-3610-91E2-B4BEED448486}.Release|x64.ActiveCfg = Release|x64
		{024222A1-5B72-3610-91E2-B4BEED448486}.Release|x64.Build.0 = Release|x64
		{EF854CC8-F05E-4FD4-B243-E98335D0DF2D}.Debug|x64.ActiveCfg = Debug|x64
		{EF854CC8-F05E-4FD4-B243-E98335D0DF2D}.Debug|x64.Build.0 = Debug|x64
		{EF854CC8-F05E-4FD4-B243-E98335D0DF2D}.Release|x64.ActiveCfg = Release|x64
		{EF854CC8-F05E-4FD4-B243-E98335D0DF2D}.Release|x64.Build.0 = Release|x64
		{E6150EDB-A6E9-49F3-B5DD-F8735B16A482}.Debug|x64.ActiveCfg = Debug|x64
		{E6150EDB-A6E9-49F3-B5DD-F8735B16A482}.Debug|x64.Build.0 = Debug|x64
		{E6150EDB-A6E9-49F3-B5DD-F8735B16A482}.Release|x64.ActiveCfg = Release|x64
		{E6150EDB-A6E9-49F3-B5DD-F8735B16A482}.Release|x64.Build.0 = Release|x64
		{BBC676C0-AB4A-42DA-85D8-C22E004831FF}.Debug|x64.ActiveCfg = Debug|x64
		{BBC676C0-AB4A-42DA-85D8-C22E004831FF}.Debug|x64.Build.0 = Debug|x64
		{BBC676C0-AB4A-42DA-85D8-C22E004831FF}.Release|x64.ActiveCfg = Release|x64
		{BBC676C0-AB4A-42DA-85D8-C22E004831FF}.Release|x64.Build.0 = Release|x64
		{377BF357-DD3E-4B99-98DF-A2CE73DD221F}.Debug|x64.ActiveCfg = Debug|x64
		{377BF357-DD3E-4B99-98DF-A2CE73DD221F}.Debug|x64.Build.0 = Debug|x64
		{377BF357-DD3E-4B99-98DF-A2CE73DD221F}.Release|x64.ActiveCfg = Release|x64
		{377BF357-DD3E-4B99-98DF-A2CE73DD221F}.Release|x64.Build.0 = Release|x64
	EndGlobalSection
	GlobalSection(SolutionProperties) = preSolution
		HideSolutionNode = FALSE
	EndGlobalSection
EndGlobal
