<?xml version="1.0" encoding="utf-8"?>
<Project ToolsVersion="4.0" xmlns="http://schemas.microsoft.com/developer/msbuild/2003">
  <ItemGroup>
    <Filter Include="Source Files">
      <UniqueIdentifier>{4FC737F1-C7A5-4376-A066-2A32D752A2FF}</UniqueIdentifier>
      <Extensions>cpp;c;cc;cxx;def;odl;idl;hpj;bat;asm;asmx</Extensions>
    </Filter>
    <Filter Include="Header Files">
      <UniqueIdentifier>{93995380-89BD-4b04-88EB-625FBE52EBFB}</UniqueIdentifier>
      <Extensions>h;hh;hpp;hxx;hm;inl;inc;xsd</Extensions>
    </Filter>
    <Filter Include="Resource Files">
      <UniqueIdentifier>{D9D6E242-F8AF-46E4-B9FD-80ECBC20BA3E}</UniqueIdentifier>
      <Extensions>qrc;*</Extensions>
      <ParseFiles>false</ParseFiles>
    </Filter>
    <Filter Include="Form Files">
      <UniqueIdentifier>{99349809-55BA-4b9d-BF79-8FDBB0286EB3}</UniqueIdentifier>
      <Extensions>ui</Extensions>
    </Filter>
    <Filter Include="Resource Files">
      <UniqueIdentifier>{D9D6E242-F8AF-46E4-B9FD-80ECBC20BA3E}</UniqueIdentifier>
      <Extensions>qrc;*</Extensions>
      <ParseFiles>false</ParseFiles>
    </Filter>
  </ItemGroup>
  <ItemGroup>
    <ClCompile Include="main.cpp">
      <Filter>Source Files</Filter>
    </ClCompile>
    <ClCompile Include="DatabaseDemoWidget.cpp">
      <Filter>Source Files</Filter>
    </ClCompile>
    <ClCompile Include="DatabaseDemo01Widget.cpp">
      <Filter>Source Files</Filter>
    </ClCompile>
    <ClCompile Include="DatabaseDemo01AddProductTypeWidget.cpp">
      <Filter>Source Files</Filter>
    </ClCompile>
    <ClCompile Include="CommonDataStruct.cpp">
      <Filter>Source Files</Filter>
    </ClCompile>
    <ClCompile Include="DatabaseDemo01AddDetectLogWidget.cpp">
      <Filter>Source Files</Filter>
    </ClCompile>
    <ClCompile Include="DatabaseAccessManager.cpp">
      <Filter>Source Files</Filter>
    </ClCompile>
    <ClCompile Include="DatabaseDemo02Widget.cpp">
      <Filter>Source Files</Filter>
    </ClCompile>
    <ClCompile Include="ProductTypeDao.cpp">
      <Filter>Source Files</Filter>
    </ClCompile>
  </ItemGroup>
  <ItemGroup>
    <QtMoc Include="DatabaseDemoWidget.h">
      <Filter>Header Files</Filter>
    </QtMoc>
    <QtMoc Include="DatabaseDemo01Widget.h">
      <Filter>Header Files</Filter>
    </QtMoc>
    <QtMoc Include="DatabaseDemo01AddProductTypeWidget.h">
      <Filter>Header Files</Filter>
    </QtMoc>
    <QtMoc Include="CommonDataStruct.h">
      <Filter>Header Files</Filter>
    </QtMoc>
    <QtMoc Include="DatabaseDemo01AddDetectLogWidget.h">
      <Filter>Header Files</Filter>
    </QtMoc>
    <QtMoc Include="DatabaseAccessManager.h">
      <Filter>Header Files</Filter>
    </QtMoc>
    <QtMoc Include="DatabaseDemo02Widget.h">
      <Filter>Header Files</Filter>
    </QtMoc>
    <QtMoc Include="ProductTypeDao.h">
      <Filter>Header Files</Filter>
    </QtMoc>
  </ItemGroup>
  <ItemGroup>
    <QtUic Include="DatabaseDemoWidget.ui">
      <Filter>Form Files</Filter>
    </QtUic>
    <QtUic Include="DatabaseDemo01Widget.ui">
      <Filter>Form Files</Filter>
    </QtUic>
    <QtUic Include="DatabaseDemo01AddProductTypeWidget.ui">
      <Filter>Form Files</Filter>
    </QtUic>
    <QtUic Include="DatabaseDemo01AddDetectLogWidget.ui">
      <Filter>Form Files</Filter>
    </QtUic>
    <QtUic Include="DatabaseDemo02Widget.ui">
      <Filter>Form Files</Filter>
    </QtUic>
  </ItemGroup>
  <ItemGroup>
    <QtRcc Include="DatabaseDemoWidget.qrc">
      <Filter>Resource Files</Filter>
    </QtRcc>
  </ItemGroup>
</Project>