<?xml version="1.0" encoding="utf-8"?>
<Project ToolsVersion="4.0" xmlns="http://schemas.microsoft.com/developer/msbuild/2003">
  <ItemGroup>
    <Filter Include="Source Files">
      <UniqueIdentifier>{4FC737F1-C7A5-4376-A066-2A32D752A2FF}</UniqueIdentifier>
      <Extensions>cpp;c;cc;cxx;def;odl;idl;hpj;bat;asm;asmx</Extensions>
    </Filter>
    <Filter Include="Header Files">
      <UniqueIdentifier>{93995380-89BD-4b04-88EB-625FBE52EBFB}</UniqueIdentifier>
      <Extensions>h;hh;hpp;hxx;hm;inl;inc;xsd</Extensions>
    </Filter>
    <Filter Include="Resource Files">
      <UniqueIdentifier>{D9D6E242-F8AF-46E4-B9FD-80ECBC20BA3E}</UniqueIdentifier>
      <Extensions>qrc;*</Extensions>
      <ParseFiles>false</ParseFiles>
    </Filter>
    <Filter Include="Form Files">
      <UniqueIdentifier>{99349809-55BA-4b9d-BF79-8FDBB0286EB3}</UniqueIdentifier>
      <Extensions>ui</Extensions>
    </Filter>
    <Filter Include="Resource Files">
      <UniqueIdentifier>{D9D6E242-F8AF-46E4-B9FD-80ECBC20BA3E}</UniqueIdentifier>
      <Extensions>qrc;*</Extensions>
      <ParseFiles>false</ParseFiles>
    </Filter>
  </ItemGroup>
  <ItemGroup>
    <ClCompile Include="main.cpp">
      <Filter>Source Files</Filter>
    </ClCompile>
    <ClCompile Include="JsonDemoWidget.cpp">
      <Filter>Source Files</Filter>
    </ClCompile>
    <ClCompile Include="JsonDemo01Widget.cpp">
      <Filter>Source Files</Filter>
    </ClCompile>
    <ClCompile Include="JsonDemo02Widget.cpp">
      <Filter>Source Files</Filter>
    </ClCompile>
    <ClCompile Include="JsonDemo03Widget.cpp">
      <Filter>Source Files</Filter>
    </ClCompile>
    <ClCompile Include="School.cpp">
      <Filter>Source Files</Filter>
    </ClCompile>
    <ClCompile Include="Student.cpp">
      <Filter>Source Files</Filter>
    </ClCompile>
    <ClCompile Include="JsonHelper.cpp">
      <Filter>Source Files</Filter>
    </ClCompile>
    <ClCompile Include="TestStruct.cpp">
      <Filter>Source Files</Filter>
    </ClCompile>
    <ClCompile Include="JsonDemo04Widget.cpp">
      <Filter>Source Files</Filter>
    </ClCompile>
    <ClCompile Include="QvJson.cpp">
      <Filter>Source Files</Filter>
    </ClCompile>
    <ClCompile Include="Parent.cpp">
      <Filter>Source Files</Filter>
    </ClCompile>
    <ClCompile Include="Child.cpp">
      <Filter>Source Files</Filter>
    </ClCompile>
    <ClCompile Include="Car.cpp">
      <Filter>Source Files</Filter>
    </ClCompile>
    <ClCompile Include="Toy.cpp">
      <Filter>Source Files</Filter>
    </ClCompile>
  </ItemGroup>
  <ItemGroup>
    <QtMoc Include="JsonDemoWidget.h">
      <Filter>Header Files</Filter>
    </QtMoc>
    <QtMoc Include="JsonDemo01Widget.h">
      <Filter>Header Files</Filter>
    </QtMoc>
    <QtMoc Include="JsonDemo02Widget.h">
      <Filter>Header Files</Filter>
    </QtMoc>
    <QtMoc Include="JsonDemo03Widget.h">
      <Filter>Header Files</Filter>
    </QtMoc>
    <QtMoc Include="School.h">
      <Filter>Header Files</Filter>
    </QtMoc>
    <QtMoc Include="Student.h">
      <Filter>Header Files</Filter>
    </QtMoc>
    <QtMoc Include="JsonHelper.h">
      <Filter>Header Files</Filter>
    </QtMoc>
    <QtMoc Include="TestStruct.h">
      <Filter>Header Files</Filter>
    </QtMoc>
    <QtMoc Include="JsonDemo04Widget.h">
      <Filter>Header Files</Filter>
    </QtMoc>
    <QtMoc Include="Parent.h">
      <Filter>Header Files</Filter>
    </QtMoc>
    <QtMoc Include="Child.h">
      <Filter>Header Files</Filter>
    </QtMoc>
    <QtMoc Include="Car.h">
      <Filter>Header Files</Filter>
    </QtMoc>
    <QtMoc Include="Toy.h">
      <Filter>Header Files</Filter>
    </QtMoc>
  </ItemGroup>
  <ItemGroup>
    <QtUic Include="JsonDemoWidget.ui">
      <Filter>Form Files</Filter>
    </QtUic>
    <QtUic Include="JsonDemo01Widget.ui">
      <Filter>Form Files</Filter>
    </QtUic>
    <QtUic Include="JsonDemo02Widget.ui">
      <Filter>Form Files</Filter>
    </QtUic>
    <QtUic Include="JsonDemo03Widget.ui">
      <Filter>Form Files</Filter>
    </QtUic>
    <QtUic Include="JsonDemo04Widget.ui">
      <Filter>Form Files</Filter>
    </QtUic>
  </ItemGroup>
  <ItemGroup>
    <QtRcc Include="JsonDemoWidget.qrc">
      <Filter>Resource Files</Filter>
    </QtRcc>
  </ItemGroup>
  <ItemGroup>
    <ClInclude Include="ObjectFactory.h">
      <Filter>Header Files</Filter>
    </ClInclude>
    <ClInclude Include="QvJson.h">
      <Filter>Header Files</Filter>
    </ClInclude>
    <ClInclude Include="JsonSerialize.h">
      <Filter>Header Files</Filter>
    </ClInclude>
  </ItemGroup>
</Project>